
Microsoft Visual Studio Solution File, Format Version 12.00
# Visual Studio Version 17
VisualStudioVersion = 17.7.34221.43
MinimumVisualStudioVersion = 10.0.40219.1
Project("{FAE04EC0-301F-11D3-BF4B-00C04F79EFBC}") = "QuanLyKho", "QuanLyKho\QuanLyKho.csproj", "{A492251A-838A-4C49-894F-7C1FDEC8B2C0}"
EndProject
Project("{2150E333-8FDC-42A3-9474-1A3956D46DE8}") = "Solution Items", "Solution Items", "{EAC5332E-C11B-4AE6-8643-D3955FCC4D7F}"
	ProjectSection(SolutionItems) = preProject
		.editorconfig = .editorconfig
	EndProjectSection
EndProject
Global
	GlobalSection(SolutionConfigurationPlatforms) = preSolution
		Debug|Any CPU = Debug|Any CPU
		Release|Any CPU = Release|Any CPU
	EndGlobalSection
	GlobalSection(ProjectConfigurationPlatforms) = postSolution
		{A492251A-838A-4C49-894F-7C1FDEC8B2C0}.Debug|Any CPU.ActiveCfg = Debug|Any CPU
		{A492251A-838A-4C49-894F-7C1FDEC8B2C0}.Debug|Any CPU.Build.0 = Debug|Any CPU
		{A492251A-838A-4C49-894F-7C1FDEC8B2C0}.Release|Any CPU.ActiveCfg = Release|Any CPU
		{A492251A-838A-4C49-894F-7C1FDEC8B2C0}.Release|Any CPU.Build.0 = Release|Any CPU
	EndGlobalSection
	GlobalSection(SolutionProperties) = preSolution
		HideSolutionNode = FALSE
	EndGlobalSection
	GlobalSection(ExtensibilityGlobals) = postSolution
		SolutionGuid = {A5A1E5FA-5178-4E44-AD62-F327A077FE86}
	EndGlobalSection
EndGlobal
